schema: '2.0'
stages:
  run-snakemake:
    cmd: calkit xenv -n main -- snakemake
    deps:
    - path: data
      hash: md5
      md5: 2836f4f1fb9429a7c2237f2f2ee31df1.dir
      size: 17942635
      nfiles: 10
    - path: scripts
      hash: md5
      md5: 2ff525b3752ca82a75234e8b21190b05.dir
      size: 221
      nfiles: 1
    outs:
    - path: calls
      hash: md5
      md5: c819a16db674de44c032264d03b3e840.dir
      size: 75627
      nfiles: 1
    - path: mapped_reads
      hash: md5
      md5: 5e3608b84abcc8dea5447eea6b568cd4.dir
      size: 4403995
      nfiles: 2
    - path: plots
      hash: md5
      md5: cff2bd09f210922f7816cac61f0f5f64.dir
      size: 13450
      nfiles: 1
    - path: sorted_reads
      hash: md5
      md5: 9c098a12ceb6b4a9fb9dc9ae61b47b72.dir
      size: 4372899
      nfiles: 4
